
Microsoft Visual Studio Solution File, Format Version 12.00
# Visual Studio Version 17
VisualStudioVersion = 17.14.36705.20 d17.14
MinimumVisualStudioVersion = 10.0.40219.1
Project("{FAE04EC0-301F-11D3-BF4B-00C04F79EFBC}") = "CentralKitchen_API", "CentralKitchen_API\CentralKitchen_API.csproj", "{940E12CA-F832-40F9-8C43-F30C4E2A1A7A}"
EndProject
Project("{FAE04EC0-301F-11D3-BF4B-00C04F79EFBC}") = "CentralKitchen_Repositories", "CentralKitchen_Repositories\CentralKitchen_Repositories.csproj", "{7C7F8F1B-15C5-40D4-87F5-7B1EEA07640A}"
EndProject
Project("{FAE04EC0-301F-11D3-BF4B-00C04F79EFBC}") = "CentralKitchen_Services", "CentralKitchen_Services\CentralKitchen_Services.csproj", "{12CC2CE9-1736-4FAB-BC95-41D6C73CF861}"
EndProject
Global
	GlobalSection(SolutionConfigurationPlatforms) = preSolution
		Debug|Any CPU = Debug|Any CPU
		Release|Any CPU = Release|Any CPU
	EndGlobalSection
	GlobalSection(ProjectConfigurationPlatforms) = postSolution
		{940E12CA-F832-40F9-8C43-F30C4E2A1A7A}.Debug|Any CPU.ActiveCfg = Debug|Any CPU
		{940E12CA-F832-40F9-8C43-F30C4E2A1A7A}.Debug|Any CPU.Build.0 = Debug|Any CPU
		{940E12CA-F832-40F9-8C43-F30C4E2A1A7A}.Release|Any CPU.ActiveCfg = Release|Any CPU
		{940E12CA-F832-40F9-8C43-F30C4E2A1A7A}.Release|Any CPU.Build.0 = Release|Any CPU
		{7C7F8F1B-15C5-40D4-87F5-7B1EEA07640A}.Debug|Any CPU.ActiveCfg = Debug|Any CPU
		{7C7F8F1B-15C5-40D4-87F5-7B1EEA07640A}.Debug|Any CPU.Build.0 = Debug|Any CPU
		{7C7F8F1B-15C5-40D4-87F5-7B1EEA07640A}.Release|Any CPU.ActiveCfg = Release|Any CPU
		{7C7F8F1B-15C5-40D4-87F5-7B1EEA07640A}.Release|Any CPU.Build.0 = Release|Any CPU
		{12CC2CE9-1736-4FAB-BC95-41D6C73CF861}.Debug|Any CPU.ActiveCfg = Debug|Any CPU
		{12CC2CE9-1736-4FAB-BC95-41D6C73CF861}.Debug|Any CPU.Build.0 = Debug|Any CPU
		{12CC2CE9-1736-4FAB-BC95-41D6C73CF861}.Release|Any CPU.ActiveCfg = Release|Any CPU
		{12CC2CE9-1736-4FAB-BC95-41D6C73CF861}.Release|Any CPU.Build.0 = Release|Any CPU
	EndGlobalSection
	GlobalSection(SolutionProperties) = preSolution
		HideSolutionNode = FALSE
	EndGlobalSection
	GlobalSection(ExtensibilityGlobals) = postSolution
		SolutionGuid = {2CF58CA7-D92F-4849-8217-2678B7D658F7}
	EndGlobalSection
EndGlobal
